
Microsoft Visual Studio Solution File, Format Version 12.00
# Visual Studio Version 16
VisualStudioVersion = 16.0.31005.135
MinimumVisualStudioVersion = 10.0.40219.1
Project("{FAE04EC0-301F-11D3-BF4B-00C04F79EFBC}") = "ICSHP_SEM_Le", "ICSHP_SEM_Le\ICSHP_SEM_Le.csproj", "{6DAC52FC-B277-47E7-B0BF-56CC86D457EC}"
EndProject
Global
	GlobalSection(SolutionConfigurationPlatforms) = preSolution
		Debug|Any CPU = Debug|Any CPU
		Release|Any CPU = Release|Any CPU
	EndGlobalSection
	GlobalSection(ProjectConfigurationPlatforms) = postSolution
		{6DAC52FC-B277-47E7-B0BF-56CC86D457EC}.Debug|Any CPU.ActiveCfg = Debug|Any CPU
		{6DAC52FC-B277-47E7-B0BF-56CC86D457EC}.Debug|Any CPU.Build.0 = Debug|Any CPU
		{6DAC52FC-B277-47E7-B0BF-56CC86D457EC}.Release|Any CPU.ActiveCfg = Release|Any CPU
		{6DAC52FC-B277-47E7-B0BF-56CC86D457EC}.Release|Any CPU.Build.0 = Release|Any CPU
	EndGlobalSection
	GlobalSection(SolutionProperties) = preSolution
		HideSolutionNode = FALSE
	EndGlobalSection
	GlobalSection(ExtensibilityGlobals) = postSolution
		SolutionGuid = {6829DF1F-1888-4C0F-BDFC-C1F7288DD7C9}
	EndGlobalSection
EndGlobal
